
Microsoft Visual Studio Solution File, Format Version 12.00
# Visual Studio 14
VisualStudioVersion = 14.0.25420.1
MinimumVisualStudioVersion = 10.0.40219.1
Project("{FAE04EC0-301F-11D3-BF4B-00C04F79EFBC}") = "WebAppSample3Tier", "WebAppSample3Tier\WebAppSample3Tier.csproj", "{2D7914EF-2778-497A-A804-F506D7EA1E32}"
EndProject
Project("{FAE04EC0-301F-11D3-BF4B-00C04F79EFBC}") = "WebAppSample3Tier.Tests", "WebAppSample3Tier.Tests\WebAppSample3Tier.Tests.csproj", "{89C302ED-44F4-40BC-9C4D-A670ED607127}"
EndProject
Global
	GlobalSection(SolutionConfigurationPlatforms) = preSolution
		Debug|Any CPU = Debug|Any CPU
		Release|Any CPU = Release|Any CPU
	EndGlobalSection
	GlobalSection(ProjectConfigurationPlatforms) = postSolution
		{2D7914EF-2778-497A-A804-F506D7EA1E32}.Debug|Any CPU.ActiveCfg = Debug|Any CPU
		{2D7914EF-2778-497A-A804-F506D7EA1E32}.Debug|Any CPU.Build.0 = Debug|Any CPU
		{2D7914EF-2778-497A-A804-F506D7EA1E32}.Release|Any CPU.ActiveCfg = Release|Any CPU
		{2D7914EF-2778-497A-A804-F506D7EA1E32}.Release|Any CPU.Build.0 = Release|Any CPU
		{89C302ED-44F4-40BC-9C4D-A670ED607127}.Debug|Any CPU.ActiveCfg = Debug|Any CPU
		{89C302ED-44F4-40BC-9C4D-A670ED607127}.Debug|Any CPU.Build.0 = Debug|Any CPU
		{89C302ED-44F4-40BC-9C4D-A670ED607127}.Release|Any CPU.ActiveCfg = Release|Any CPU
		{89C302ED-44F4-40BC-9C4D-A670ED607127}.Release|Any CPU.Build.0 = Release|Any CPU
	EndGlobalSection
	GlobalSection(SolutionProperties) = preSolution
		HideSolutionNode = FALSE
	EndGlobalSection
EndGlobal
